
Microsoft Visual Studio Solution File, Format Version 12.00
# Visual Studio 15
VisualStudioVersion = 15.0.28307.645
MinimumVisualStudioVersion = 10.0.40219.1
Project("{2150E333-8FDC-42A3-9474-1A3956D46DE8}") = "KiaserModel", "KiaserModel", "{ECCC50DF-D398-4142-90F1-3E5C86B9EAED}"
EndProject
Project("{2150E333-8FDC-42A3-9474-1A3956D46DE8}") = "KiaserUI", "KiaserUI", "{99557A5E-FC09-4477-B262-7BB36DB48175}"
EndProject
Project("{2150E333-8FDC-42A3-9474-1A3956D46DE8}") = "KiaserDLL", "KiaserDLL", "{18C0D958-19C5-40BD-98BC-81672EA18DD1}"
EndProject
Project("{2150E333-8FDC-42A3-9474-1A3956D46DE8}") = "KiaserBLL", "KiaserBLL", "{AD5C9E0D-58E2-43D9-A243-0A7FB1A51F4C}"
EndProject
Project("{2150E333-8FDC-42A3-9474-1A3956D46DE8}") = "KiaserMid", "KiaserMid", "{B530ADDB-2CC6-4636-97FA-6616439D9D9F}"
EndProject
Project("{FAE04EC0-301F-11D3-BF4B-00C04F79EFBC}") = "KiaserWeb", "KiaserWeb\KiaserWeb.csproj", "{27F76389-23F3-4789-837F-2266B872A756}"
EndProject
Project("{FAE04EC0-301F-11D3-BF4B-00C04F79EFBC}") = "KiaserModel", "KiaserModel\KiaserModel.csproj", "{DD05B817-2687-425E-9CBE-14450FCC6856}"
EndProject
Project("{FAE04EC0-301F-11D3-BF4B-00C04F79EFBC}") = "KiaserDLL", "KiaserDLL\KiaserDLL.csproj", "{346D6045-4081-467A-8FFC-7ABAA831F3EA}"
EndProject
Project("{FAE04EC0-301F-11D3-BF4B-00C04F79EFBC}") = "KiaserIDLL", "KiaserIDLL\KiaserIDLL.csproj", "{AB249604-16A2-4482-B374-4DE0B1B1865D}"
EndProject
Project("{FAE04EC0-301F-11D3-BF4B-00C04F79EFBC}") = "KiaserBLL", "KiaserBLL\KiaserBLL.csproj", "{EAD0ABCE-2016-45F4-942D-BA1B87DA4392}"
EndProject
Project("{FAE04EC0-301F-11D3-BF4B-00C04F79EFBC}") = "KiaserIBLL", "KiaserIBLL\KiaserIBLL.csproj", "{5FB1FABC-82A5-4581-A47F-92690035BF07}"
EndProject
Project("{FAE04EC0-301F-11D3-BF4B-00C04F79EFBC}") = "KiaserMid", "KiaserMid\KiaserMid.csproj", "{43EE7A86-4F7F-4369-8DBF-FCDB10F932A4}"
EndProject
Global
	GlobalSection(SolutionConfigurationPlatforms) = preSolution
		Debug|Any CPU = Debug|Any CPU
		Release|Any CPU = Release|Any CPU
	EndGlobalSection
	GlobalSection(ProjectConfigurationPlatforms) = postSolution
		{27F76389-23F3-4789-837F-2266B872A756}.Debug|Any CPU.ActiveCfg = Debug|Any CPU
		{27F76389-23F3-4789-837F-2266B872A756}.Debug|Any CPU.Build.0 = Debug|Any CPU
		{27F76389-23F3-4789-837F-2266B872A756}.Release|Any CPU.ActiveCfg = Release|Any CPU
		{27F76389-23F3-4789-837F-2266B872A756}.Release|Any CPU.Build.0 = Release|Any CPU
		{DD05B817-2687-425E-9CBE-14450FCC6856}.Debug|Any CPU.ActiveCfg = Debug|Any CPU
		{DD05B817-2687-425E-9CBE-14450FCC6856}.Debug|Any CPU.Build.0 = Debug|Any CPU
		{DD05B817-2687-425E-9CBE-14450FCC6856}.Release|Any CPU.ActiveCfg = Release|Any CPU
		{DD05B817-2687-425E-9CBE-14450FCC6856}.Release|Any CPU.Build.0 = Release|Any CPU
		{346D6045-4081-467A-8FFC-7ABAA831F3EA}.Debug|Any CPU.ActiveCfg = Debug|Any CPU
		{346D6045-4081-467A-8FFC-7ABAA831F3EA}.Debug|Any CPU.Build.0 = Debug|Any CPU
		{346D6045-4081-467A-8FFC-7ABAA831F3EA}.Release|Any CPU.ActiveCfg = Release|Any CPU
		{346D6045-4081-467A-8FFC-7ABAA831F3EA}.Release|Any CPU.Build.0 = Release|Any CPU
		{AB249604-16A2-4482-B374-4DE0B1B1865D}.Debug|Any CPU.ActiveCfg = Debug|Any CPU
		{AB249604-16A2-4482-B374-4DE0B1B1865D}.Debug|Any CPU.Build.0 = Debug|Any CPU
		{AB249604-16A2-4482-B374-4DE0B1B1865D}.Release|Any CPU.ActiveCfg = Release|Any CPU
		{AB249604-16A2-4482-B374-4DE0B1B1865D}.Release|Any CPU.Build.0 = Release|Any CPU
		{EAD0ABCE-2016-45F4-942D-BA1B87DA4392}.Debug|Any CPU.ActiveCfg = Debug|Any CPU
		{EAD0ABCE-2016-45F4-942D-BA1B87DA4392}.Debug|Any CPU.Build.0 = Debug|Any CPU
		{EAD0ABCE-2016-45F4-942D-BA1B87DA4392}.Release|Any CPU.ActiveCfg = Release|Any CPU
		{EAD0ABCE-2016-45F4-942D-BA1B87DA4392}.Release|Any CPU.Build.0 = Release|Any CPU
		{5FB1FABC-82A5-4581-A47F-92690035BF07}.Debug|Any CPU.ActiveCfg = Debug|Any CPU
		{5FB1FABC-82A5-4581-A47F-92690035BF07}.Debug|Any CPU.Build.0 = Debug|Any CPU
		{5FB1FABC-82A5-4581-A47F-92690035BF07}.Release|Any CPU.ActiveCfg = Release|Any CPU
		{5FB1FABC-82A5-4581-A47F-92690035BF07}.Release|Any CPU.Build.0 = Release|Any CPU
		{43EE7A86-4F7F-4369-8DBF-FCDB10F932A4}.Debug|Any CPU.ActiveCfg = Debug|Any CPU
		{43EE7A86-4F7F-4369-8DBF-FCDB10F932A4}.Debug|Any CPU.Build.0 = Debug|Any CPU
		{43EE7A86-4F7F-4369-8DBF-FCDB10F932A4}.Release|Any CPU.ActiveCfg = Release|Any CPU
		{43EE7A86-4F7F-4369-8DBF-FCDB10F932A4}.Release|Any CPU.Build.0 = Release|Any CPU
	EndGlobalSection
	GlobalSection(SolutionProperties) = preSolution
		HideSolutionNode = FALSE
	EndGlobalSection
	GlobalSection(NestedProjects) = preSolution
		{27F76389-23F3-4789-837F-2266B872A756} = {99557A5E-FC09-4477-B262-7BB36DB48175}
		{DD05B817-2687-425E-9CBE-14450FCC6856} = {ECCC50DF-D398-4142-90F1-3E5C86B9EAED}
		{346D6045-4081-467A-8FFC-7ABAA831F3EA} = {18C0D958-19C5-40BD-98BC-81672EA18DD1}
		{AB249604-16A2-4482-B374-4DE0B1B1865D} = {18C0D958-19C5-40BD-98BC-81672EA18DD1}
		{EAD0ABCE-2016-45F4-942D-BA1B87DA4392} = {AD5C9E0D-58E2-43D9-A243-0A7FB1A51F4C}
		{5FB1FABC-82A5-4581-A47F-92690035BF07} = {AD5C9E0D-58E2-43D9-A243-0A7FB1A51F4C}
		{43EE7A86-4F7F-4369-8DBF-FCDB10F932A4} = {B530ADDB-2CC6-4636-97FA-6616439D9D9F}
	EndGlobalSection
	GlobalSection(ExtensibilityGlobals) = postSolution
		SolutionGuid = {4B99D737-FA10-4293-B4E0-E0D8AE11D50C}
	EndGlobalSection
EndGlobal
